
Microsoft Visual Studio Solution File, Format Version 12.00
# Visual Studio Version 16
VisualStudioVersion = 16.0.29424.173
MinimumVisualStudioVersion = 10.0.40219.1
Project("{FAE04EC0-301F-11D3-BF4B-00C04F79EFBC}") = "BinaryTree", "BinaryTree\BinaryTree.csproj", "{EB1A532D-1BA0-41DB-8A09-BD1C43CB7FF3}"
EndProject
Global
	GlobalSection(SolutionConfigurationPlatforms) = preSolution
		Debug|Any CPU = Debug|Any CPU
		Release|Any CPU = Release|Any CPU
	EndGlobalSection
	GlobalSection(ProjectConfigurationPlatforms) = postSolution
		{EB1A532D-1BA0-41DB-8A09-BD1C43CB7FF3}.Debug|Any CPU.ActiveCfg = Debug|Any CPU
		{EB1A532D-1BA0-41DB-8A09-BD1C43CB7FF3}.Debug|Any CPU.Build.0 = Debug|Any CPU
		{EB1A532D-1BA0-41DB-8A09-BD1C43CB7FF3}.Release|Any CPU.ActiveCfg = Release|Any CPU
		{EB1A532D-1BA0-41DB-8A09-BD1C43CB7FF3}.Release|Any CPU.Build.0 = Release|Any CPU
	EndGlobalSection
	GlobalSection(SolutionProperties) = preSolution
		HideSolutionNode = FALSE
	EndGlobalSection
	GlobalSection(ExtensibilityGlobals) = postSolution
		SolutionGuid = {CA43D9D9-AC79-4AB9-9B30-9D24996BD06A}
	EndGlobalSection
EndGlobal
